Microsoft Visual Studio Solution File, Format Version 12.00
# Visual Studio Version 17
VisualStudioVersion = 17.5.2.0
MinimumVisualStudioVersion = 10.0.40219.1
Project("{FAE04EC0-301F-11D3-BF4B-00C04F79EFBC}") = "ValeAtivos324138379", "ValeAtivos324138379.csproj", "{B08CDC90-3A67-26FA-093A-8819769BA66B}"
EndProject
Global
	GlobalSection(SolutionConfigurationPlatforms) = preSolution
		Debug|Any CPU = Debug|Any CPU
		Release|Any CPU = Release|Any CPU
	EndGlobalSection
	GlobalSection(ProjectConfigurationPlatforms) = postSolution
		{B08CDC90-3A67-26FA-093A-8819769BA66B}.Debug|Any CPU.ActiveCfg = Debug|Any CPU
		{B08CDC90-3A67-26FA-093A-8819769BA66B}.Debug|Any CPU.Build.0 = Debug|Any CPU
		{B08CDC90-3A67-26FA-093A-8819769BA66B}.Release|Any CPU.ActiveCfg = Release|Any CPU
		{B08CDC90-3A67-26FA-093A-8819769BA66B}.Release|Any CPU.Build.0 = Release|Any CPU
	EndGlobalSection
	GlobalSection(SolutionProperties) = preSolution
		HideSolutionNode = FALSE
	EndGlobalSection
	GlobalSection(ExtensibilityGlobals) = postSolution
		SolutionGuid = {F6C85531-4190-4383-8279-715403ACB4DB}
	EndGlobalSection
EndGlobal
